
Microsoft Visual Studio Solution File, Format Version 12.00
# Visual Studio Version 17
VisualStudioVersion = 17.12.35527.113 d17.12
MinimumVisualStudioVersion = 10.0.40219.1
Project("{FAE04EC0-301F-11D3-BF4B-00C04F79EFBC}") = "Rhyme", "Rhyme\Rhyme.csproj", "{977FB10A-E995-4F72-9DF5-781D459A581C}"
EndProject
Project("{FAE04EC0-301F-11D3-BF4B-00C04F79EFBC}") = "Rhyme.Tests", "Rhyme.Tests\Rhyme.Tests.csproj", "{08573C16-3AE1-49D6-BF28-E41C3451C4F1}"
EndProject
Global
	GlobalSection(SolutionConfigurationPlatforms) = preSolution
		Debug|Any CPU = Debug|Any CPU
		Release|Any CPU = Release|Any CPU
	EndGlobalSection
	GlobalSection(ProjectConfigurationPlatforms) = postSolution
		{977FB10A-E995-4F72-9DF5-781D459A581C}.Debug|Any CPU.ActiveCfg = Debug|Any CPU
		{977FB10A-E995-4F72-9DF5-781D459A581C}.Debug|Any CPU.Build.0 = Debug|Any CPU
		{977FB10A-E995-4F72-9DF5-781D459A581C}.Release|Any CPU.ActiveCfg = Release|Any CPU
		{977FB10A-E995-4F72-9DF5-781D459A581C}.Release|Any CPU.Build.0 = Release|Any CPU
		{08573C16-3AE1-49D6-BF28-E41C3451C4F1}.Debug|Any CPU.ActiveCfg = Debug|Any CPU
		{08573C16-3AE1-49D6-BF28-E41C3451C4F1}.Debug|Any CPU.Build.0 = Debug|Any CPU
		{08573C16-3AE1-49D6-BF28-E41C3451C4F1}.Release|Any CPU.ActiveCfg = Release|Any CPU
		{08573C16-3AE1-49D6-BF28-E41C3451C4F1}.Release|Any CPU.Build.0 = Release|Any CPU
	EndGlobalSection
	GlobalSection(SolutionProperties) = preSolution
		HideSolutionNode = FALSE
	EndGlobalSection
EndGlobal
